
Microsoft Visual Studio Solution File, Format Version 12.00
# Visual Studio 15
VisualStudioVersion = 15.0.26621.2
MinimumVisualStudioVersion = 10.0.40219.1
Project("{FAE04EC0-301F-11D3-BF4B-00C04F79EFBC}") = "SearchAThing.UnitTest", "SearchAThing.UnitTest.csproj", "{D66A6D28-37B6-4E1B-9B4D-70D221545201}"
EndProject
Project("{FAE04EC0-301F-11D3-BF4B-00C04F79EFBC}") = "SearchAThing.Graph", "..\SearchAThing.Graph\src\SearchAThing.Graph.csproj", "{D818C09A-9E98-46B4-98C7-81836B7F9585}"
EndProject
Project("{FAE04EC0-301F-11D3-BF4B-00C04F79EFBC}") = "SearchAThing.MongoDB", "..\SearchAThing.MongoDB\src\SearchAThing.MongoDB.csproj", "{F5FFA03A-B8FE-4D00-A143-976F7572C8C1}"
EndProject
Project("{FAE04EC0-301F-11D3-BF4B-00C04F79EFBC}") = "SearchAThing.Net", "..\SearchAThing.Net\src\SearchAThing.Net.csproj", "{81CF49DB-BD2E-4C72-8016-9268234A2C88}"
EndProject
Global
	GlobalSection(SolutionConfigurationPlatforms) = preSolution
		Debug|Any CPU = Debug|Any CPU
		Debug|x64 = Debug|x64
		Debug2|Any CPU = Debug2|Any CPU
		Debug2|x64 = Debug2|x64
		Release|Any CPU = Release|Any CPU
		Release|x64 = Release|x64
	EndGlobalSection
	GlobalSection(ProjectConfigurationPlatforms) = postSolution
		{D66A6D28-37B6-4E1B-9B4D-70D221545201}.Debug|Any CPU.ActiveCfg = Debug|Any CPU
		{D66A6D28-37B6-4E1B-9B4D-70D221545201}.Debug|Any CPU.Build.0 = Debug|Any CPU
		{D66A6D28-37B6-4E1B-9B4D-70D221545201}.Debug|x64.ActiveCfg = Debug|Any CPU
		{D66A6D28-37B6-4E1B-9B4D-70D221545201}.Debug|x64.Build.0 = Debug|Any CPU
		{D66A6D28-37B6-4E1B-9B4D-70D221545201}.Debug2|Any CPU.ActiveCfg = Debug|Any CPU
		{D66A6D28-37B6-4E1B-9B4D-70D221545201}.Debug2|Any CPU.Build.0 = Debug|Any CPU
		{D66A6D28-37B6-4E1B-9B4D-70D221545201}.Debug2|x64.ActiveCfg = Debug|Any CPU
		{D66A6D28-37B6-4E1B-9B4D-70D221545201}.Debug2|x64.Build.0 = Debug|Any CPU
		{D66A6D28-37B6-4E1B-9B4D-70D221545201}.Release|Any CPU.ActiveCfg = Release|Any CPU
		{D66A6D28-37B6-4E1B-9B4D-70D221545201}.Release|Any CPU.Build.0 = Release|Any CPU
		{D66A6D28-37B6-4E1B-9B4D-70D221545201}.Release|x64.ActiveCfg = Release|Any CPU
		{D66A6D28-37B6-4E1B-9B4D-70D221545201}.Release|x64.Build.0 = Release|Any CPU
		{D818C09A-9E98-46B4-98C7-81836B7F9585}.Debug|Any CPU.ActiveCfg = Debug|Any CPU
		{D818C09A-9E98-46B4-98C7-81836B7F9585}.Debug|Any CPU.Build.0 = Debug|Any CPU
		{D818C09A-9E98-46B4-98C7-81836B7F9585}.Debug|x64.ActiveCfg = Debug|Any CPU
		{D818C09A-9E98-46B4-98C7-81836B7F9585}.Debug|x64.Build.0 = Debug|Any CPU
		{D818C09A-9E98-46B4-98C7-81836B7F9585}.Debug2|Any CPU.ActiveCfg = Debug|Any CPU
		{D818C09A-9E98-46B4-98C7-81836B7F9585}.Debug2|Any CPU.Build.0 = Debug|Any CPU
		{D818C09A-9E98-46B4-98C7-81836B7F9585}.Debug2|x64.ActiveCfg = Debug|Any CPU
		{D818C09A-9E98-46B4-98C7-81836B7F9585}.Debug2|x64.Build.0 = Debug|Any CPU
		{D818C09A-9E98-46B4-98C7-81836B7F9585}.Release|Any CPU.ActiveCfg = Release|Any CPU
		{D818C09A-9E98-46B4-98C7-81836B7F9585}.Release|Any CPU.Build.0 = Release|Any CPU
		{D818C09A-9E98-46B4-98C7-81836B7F9585}.Release|x64.ActiveCfg = Release|Any CPU
		{D818C09A-9E98-46B4-98C7-81836B7F9585}.Release|x64.Build.0 = Release|Any CPU
		{F5FFA03A-B8FE-4D00-A143-976F7572C8C1}.Debug|Any CPU.ActiveCfg = Debug|Any CPU
		{F5FFA03A-B8FE-4D00-A143-976F7572C8C1}.Debug|Any CPU.Build.0 = Debug|Any CPU
		{F5FFA03A-B8FE-4D00-A143-976F7572C8C1}.Debug|x64.ActiveCfg = Debug|Any CPU
		{F5FFA03A-B8FE-4D00-A143-976F7572C8C1}.Debug|x64.Build.0 = Debug|Any CPU
		{F5FFA03A-B8FE-4D00-A143-976F7572C8C1}.Debug2|Any CPU.ActiveCfg = Debug|Any CPU
		{F5FFA03A-B8FE-4D00-A143-976F7572C8C1}.Debug2|Any CPU.Build.0 = Debug|Any CPU
		{F5FFA03A-B8FE-4D00-A143-976F7572C8C1}.Debug2|x64.ActiveCfg = Debug|Any CPU
		{F5FFA03A-B8FE-4D00-A143-976F7572C8C1}.Debug2|x64.Build.0 = Debug|Any CPU
		{F5FFA03A-B8FE-4D00-A143-976F7572C8C1}.Release|Any CPU.ActiveCfg = Release|Any CPU
		{F5FFA03A-B8FE-4D00-A143-976F7572C8C1}.Release|Any CPU.Build.0 = Release|Any CPU
		{F5FFA03A-B8FE-4D00-A143-976F7572C8C1}.Release|x64.ActiveCfg = Release|Any CPU
		{F5FFA03A-B8FE-4D00-A143-976F7572C8C1}.Release|x64.Build.0 = Release|Any CPU
		{81CF49DB-BD2E-4C72-8016-9268234A2C88}.Debug|Any CPU.ActiveCfg = Debug|Any CPU
		{81CF49DB-BD2E-4C72-8016-9268234A2C88}.Debug|Any CPU.Build.0 = Debug|Any CPU
		{81CF49DB-BD2E-4C72-8016-9268234A2C88}.Debug|x64.ActiveCfg = Debug|Any CPU
		{81CF49DB-BD2E-4C72-8016-9268234A2C88}.Debug|x64.Build.0 = Debug|Any CPU
		{81CF49DB-BD2E-4C72-8016-9268234A2C88}.Debug2|Any CPU.ActiveCfg = Debug2|Any CPU
		{81CF49DB-BD2E-4C72-8016-9268234A2C88}.Debug2|Any CPU.Build.0 = Debug2|Any CPU
		{81CF49DB-BD2E-4C72-8016-9268234A2C88}.Debug2|x64.ActiveCfg = Debug2|Any CPU
		{81CF49DB-BD2E-4C72-8016-9268234A2C88}.Debug2|x64.Build.0 = Debug2|Any CPU
		{81CF49DB-BD2E-4C72-8016-9268234A2C88}.Release|Any CPU.ActiveCfg = Release|Any CPU
		{81CF49DB-BD2E-4C72-8016-9268234A2C88}.Release|Any CPU.Build.0 = Release|Any CPU
		{81CF49DB-BD2E-4C72-8016-9268234A2C88}.Release|x64.ActiveCfg = Release|Any CPU
		{81CF49DB-BD2E-4C72-8016-9268234A2C88}.Release|x64.Build.0 = Release|Any CPU
	EndGlobalSection
	GlobalSection(SolutionProperties) = preSolution
		HideSolutionNode = FALSE
	EndGlobalSection
	GlobalSection(ExtensibilityGlobals) = postSolution
		SolutionGuid = {F3B93AE1-D439-4947-99C2-60D6ACFA91CF}
	EndGlobalSection
EndGlobal
